
Microsoft Visual Studio Solution File, Format Version 12.00
# Visual Studio Version 16
VisualStudioVersion = 16.0.29806.167
MinimumVisualStudioVersion = 10.0.40219.1
Project("{D954291E-2A0B-460D-934E-DC6B0785DB48}") = "VNActor.Shared", "VNActor.Shared\VNActor.Shared.shproj", "{37792876-CC1B-4033-8AB7-4D3CCA4715A4}"
EndProject
Project("{D954291E-2A0B-460D-934E-DC6B0785DB48}") = "SceneSaveState.Shared", "SceneSaveState.Shared\SceneSaveState.Shared.shproj", "{60460611-DB66-4373-9499-8E57A8814910}"
EndProject
Project("{D954291E-2A0B-460D-934E-DC6B0785DB48}") = "VNEngine.Shared", "VNEngine.Shared\VNEngine.Shared.shproj", "{062D595D-8E9B-4149-A5A0-16E45773F9D6}"
EndProject
Project("{2150E333-8FDC-42A3-9474-1A3956D46DE8}") = "Solution Items", "Solution Items", "{E0879B6B-BA21-4AC1-B91D-0FF0175CC579}"
	ProjectSection(SolutionItems) = preProject
		.editorconfig = .editorconfig
	EndProjectSection
EndProject
Project("{FAE04EC0-301F-11D3-BF4B-00C04F79EFBC}") = "VNActor.KK", "VNActor.KK\VNActor.KK.csproj", "{E687512C-010E-4F55-AC98-3E02BC89D60C}"
EndProject
Project("{FAE04EC0-301F-11D3-BF4B-00C04F79EFBC}") = "VNEngine.KK", "VNEngine.KK\VNEngine.KK.csproj", "{1FB1B473-387F-425B-8EAA-421B1869A4BD}"
EndProject
Project("{FAE04EC0-301F-11D3-BF4B-00C04F79EFBC}") = "VNEngine.AI", "VNEngine.AI\VNEngine.AI.csproj", "{E1C9E23E-B127-4FCD-8200-E5C75648A27F}"
EndProject
Project("{FAE04EC0-301F-11D3-BF4B-00C04F79EFBC}") = "SceneSaveState.KK", "SceneSaveState.KK\SceneSaveState.KK.csproj", "{F04A21FC-C895-4F4D-A83D-9AEC3B921D25}"
EndProject
Project("{FAE04EC0-301F-11D3-BF4B-00C04F79EFBC}") = "SceneSaveState.AI", "SceneSaveState.AI\SceneSaveState.AI.csproj", "{6BB3E3C0-F48F-41B1-94B0-290D866F2E92}"
EndProject
Project("{FAE04EC0-301F-11D3-BF4B-00C04F79EFBC}") = "SceneSaveState.HS2", "SceneSaveState.HS2\SceneSaveState.HS2.csproj", "{E31D9B1E-BB35-473D-8F8C-12FB2740D2E9}"
EndProject
Project("{D954291E-2A0B-460D-934E-DC6B0785DB48}") = "VNEngine.NEOV2.Shared", "VNEngine.NEOV2.Shared\VNEngine.NEOV2.Shared.shproj", "{9521BDCC-076F-42DC-BD06-77BFA0E961E3}"
EndProject
Project("{FAE04EC0-301F-11D3-BF4B-00C04F79EFBC}") = "VNEngine.HS2", "VNEngine.HS2\VNEngine.HS2.csproj", "{14B84207-C19A-41B4-930D-028499912193}"
EndProject
Project("{FAE04EC0-301F-11D3-BF4B-00C04F79EFBC}") = "VNActor.AI", "VNActor.AI\VNActor.AI.csproj", "{95BF9F7C-5F40-43C3-8191-6034FCCC5CB3}"
EndProject
Project("{D954291E-2A0B-460D-934E-DC6B0785DB48}") = "VNActor.NEOV2.Shared", "VNActor.NEOV2.Shared\VNActor.NEOV2.Shared.shproj", "{5FE76C7A-830B-45F9-B11F-D338B7D9089B}"
EndProject
Project("{FAE04EC0-301F-11D3-BF4B-00C04F79EFBC}") = "VNActor.HS2", "VNActor.HS2\VNActor.HS2.csproj", "{4592781A-5B7E-472C-A3A2-4E559C4C9A74}"
EndProject
Project("{2150E333-8FDC-42A3-9474-1A3956D46DE8}") = "NEOV2", "NEOV2", "{55D2C741-6B3E-47F8-AE4E-208E8F2DFA76}"
EndProject
Project("{2150E333-8FDC-42A3-9474-1A3956D46DE8}") = "KK", "KK", "{2DEBF99A-EBB2-4B55-97BA-A752702CB0AE}"
EndProject
Project("{2150E333-8FDC-42A3-9474-1A3956D46DE8}") = "AI", "AI", "{17CC9A57-CD2D-4293-B39D-38A537897783}"
EndProject
Project("{2150E333-8FDC-42A3-9474-1A3956D46DE8}") = "HS2", "HS2", "{AC102585-0546-49AA-AE53-7686FCD31528}"
EndProject
Project("{FAE04EC0-301F-11D3-BF4B-00C04F79EFBC}") = "VNActor.KKS", "VNActor.KKS\VNActor.KKS.csproj", "{F3EC12DF-8A81-4300-8AB9-3FC1B8264031}"
EndProject
Project("{FAE04EC0-301F-11D3-BF4B-00C04F79EFBC}") = "SceneSaveState.KKS", "SceneSaveState.KKS\SceneSaveState.KKS.csproj", "{1BC360A1-43FE-4353-AF5D-21B20F446C67}"
EndProject
Project("{FAE04EC0-301F-11D3-BF4B-00C04F79EFBC}") = "VNEngine.KKS", "VNEngine.KKS\VNEngine.KKS.csproj", "{011B95DB-673A-4696-B499-940B76735028}"
EndProject
Project("{D954291E-2A0B-460D-934E-DC6B0785DB48}") = "VNActor.CharaStudio.Shared", "VNActor.CharaStudio.Shared\VNActor.CharaStudio.Shared.shproj", "{B9C8BC9B-5993-41B1-A721-A1A8C86A7D67}"
EndProject
Project("{D954291E-2A0B-460D-934E-DC6B0785DB48}") = "VNEngine.CharaStudio.Shared", "VNEngine.CharaStudio.Shared\VNEngine.CharaStudio.Shared.shproj", "{034C0467-AA8D-455C-A514-07D5F68B0ADA}"
EndProject
Global
	GlobalSection(SharedMSBuildProjectFiles) = preSolution
		VNEngine.CharaStudio.Shared\VNEngine.CharaStudio.Shared.projitems*{011b95db-673a-4696-b499-940b76735028}*SharedItemsImports = 4
		VNEngine.Shared\VNEngine.Shared.projitems*{011b95db-673a-4696-b499-940b76735028}*SharedItemsImports = 4
		VNEngine.CharaStudio.Shared\VNEngine.CharaStudio.Shared.projitems*{034c0467-aa8d-455c-a514-07d5f68b0ada}*SharedItemsImports = 13
		VNEngine.Shared\VNEngine.Shared.projitems*{062d595d-8e9b-4149-a5a0-16e45773f9d6}*SharedItemsImports = 13
		VNEngine.NEOV2.Shared\VNEngine.NEOV2.Shared.projitems*{14b84207-c19a-41b4-930d-028499912193}*SharedItemsImports = 4
		VNEngine.Shared\VNEngine.Shared.projitems*{14b84207-c19a-41b4-930d-028499912193}*SharedItemsImports = 4
		SceneSaveState.Shared\SceneSaveState.Shared.projitems*{1bc360a1-43fe-4353-af5d-21b20f446c67}*SharedItemsImports = 4
		VNEngine.CharaStudio.Shared\VNEngine.CharaStudio.Shared.projitems*{1fb1b473-387f-425b-8eaa-421b1869a4bd}*SharedItemsImports = 4
		VNEngine.Shared\VNEngine.Shared.projitems*{1fb1b473-387f-425b-8eaa-421b1869a4bd}*SharedItemsImports = 4
		VNActor.Shared\VNActor.Shared.projitems*{37792876-cc1b-4033-8ab7-4d3cca4715a4}*SharedItemsImports = 13
		VNActor.NEOV2.Shared\VNActor.NEOV2.Shared.projitems*{4592781a-5b7e-472c-a3a2-4e559c4c9a74}*SharedItemsImports = 4
		VNActor.Shared\VNActor.Shared.projitems*{4592781a-5b7e-472c-a3a2-4e559c4c9a74}*SharedItemsImports = 4
		VNActor.NEOV2.Shared\VNActor.NEOV2.Shared.projitems*{5fe76c7a-830b-45f9-b11f-d338b7d9089b}*SharedItemsImports = 13
		SceneSaveState.Shared\SceneSaveState.Shared.projitems*{60460611-db66-4373-9499-8e57a8814910}*SharedItemsImports = 13
		SceneSaveState.Shared\SceneSaveState.Shared.projitems*{6bb3e3c0-f48f-41b1-94b0-290d866f2e92}*SharedItemsImports = 4
		VNEngine.NEOV2.Shared\VNEngine.NEOV2.Shared.projitems*{9521bdcc-076f-42dc-bd06-77bfa0e961e3}*SharedItemsImports = 13
		VNActor.NEOV2.Shared\VNActor.NEOV2.Shared.projitems*{95bf9f7c-5f40-43c3-8191-6034fccc5cb3}*SharedItemsImports = 4
		VNActor.Shared\VNActor.Shared.projitems*{95bf9f7c-5f40-43c3-8191-6034fccc5cb3}*SharedItemsImports = 4
		VNActor.CharaStudio.Shared\VNActor.CharaStudio.Shared.projitems*{b9c8bc9b-5993-41b1-a721-a1a8c86a7d67}*SharedItemsImports = 13
		VNEngine.NEOV2.Shared\VNEngine.NEOV2.Shared.projitems*{e1c9e23e-b127-4fcd-8200-e5c75648a27f}*SharedItemsImports = 4
		VNEngine.Shared\VNEngine.Shared.projitems*{e1c9e23e-b127-4fcd-8200-e5c75648a27f}*SharedItemsImports = 4
		SceneSaveState.Shared\SceneSaveState.Shared.projitems*{e31d9b1e-bb35-473d-8f8c-12fb2740d2e9}*SharedItemsImports = 4
		VNActor.CharaStudio.Shared\VNActor.CharaStudio.Shared.projitems*{e687512c-010e-4f55-ac98-3e02bc89d60c}*SharedItemsImports = 4
		VNActor.Shared\VNActor.Shared.projitems*{e687512c-010e-4f55-ac98-3e02bc89d60c}*SharedItemsImports = 4
		SceneSaveState.Shared\SceneSaveState.Shared.projitems*{f04a21fc-c895-4f4d-a83d-9aec3b921d25}*SharedItemsImports = 4
		VNActor.CharaStudio.Shared\VNActor.CharaStudio.Shared.projitems*{f3ec12df-8a81-4300-8ab9-3fc1b8264031}*SharedItemsImports = 4
		VNActor.Shared\VNActor.Shared.projitems*{f3ec12df-8a81-4300-8ab9-3fc1b8264031}*SharedItemsImports = 4
	EndGlobalSection
	GlobalSection(SolutionConfigurationPlatforms) = preSolution
		Debug|Any CPU = Debug|Any CPU
		Release|Any CPU = Release|Any CPU
	EndGlobalSection
	GlobalSection(ProjectConfigurationPlatforms) = postSolution
		{E687512C-010E-4F55-AC98-3E02BC89D60C}.Debug|Any CPU.ActiveCfg = Debug|Any CPU
		{E687512C-010E-4F55-AC98-3E02BC89D60C}.Debug|Any CPU.Build.0 = Debug|Any CPU
		{E687512C-010E-4F55-AC98-3E02BC89D60C}.Release|Any CPU.ActiveCfg = Release|Any CPU
		{E687512C-010E-4F55-AC98-3E02BC89D60C}.Release|Any CPU.Build.0 = Release|Any CPU
		{1FB1B473-387F-425B-8EAA-421B1869A4BD}.Debug|Any CPU.ActiveCfg = Debug|Any CPU
		{1FB1B473-387F-425B-8EAA-421B1869A4BD}.Debug|Any CPU.Build.0 = Debug|Any CPU
		{1FB1B473-387F-425B-8EAA-421B1869A4BD}.Release|Any CPU.ActiveCfg = Release|Any CPU
		{1FB1B473-387F-425B-8EAA-421B1869A4BD}.Release|Any CPU.Build.0 = Release|Any CPU
		{E1C9E23E-B127-4FCD-8200-E5C75648A27F}.Debug|Any CPU.ActiveCfg = Debug|Any CPU
		{E1C9E23E-B127-4FCD-8200-E5C75648A27F}.Debug|Any CPU.Build.0 = Debug|Any CPU
		{E1C9E23E-B127-4FCD-8200-E5C75648A27F}.Release|Any CPU.ActiveCfg = Release|Any CPU
		{E1C9E23E-B127-4FCD-8200-E5C75648A27F}.Release|Any CPU.Build.0 = Release|Any CPU
		{F04A21FC-C895-4F4D-A83D-9AEC3B921D25}.Debug|Any CPU.ActiveCfg = Debug|Any CPU
		{F04A21FC-C895-4F4D-A83D-9AEC3B921D25}.Debug|Any CPU.Build.0 = Debug|Any CPU
		{F04A21FC-C895-4F4D-A83D-9AEC3B921D25}.Release|Any CPU.ActiveCfg = Release|Any CPU
		{F04A21FC-C895-4F4D-A83D-9AEC3B921D25}.Release|Any CPU.Build.0 = Release|Any CPU
		{6BB3E3C0-F48F-41B1-94B0-290D866F2E92}.Debug|Any CPU.ActiveCfg = Debug|Any CPU
		{6BB3E3C0-F48F-41B1-94B0-290D866F2E92}.Debug|Any CPU.Build.0 = Debug|Any CPU
		{6BB3E3C0-F48F-41B1-94B0-290D866F2E92}.Release|Any CPU.ActiveCfg = Release|Any CPU
		{6BB3E3C0-F48F-41B1-94B0-290D866F2E92}.Release|Any CPU.Build.0 = Release|Any CPU
		{E31D9B1E-BB35-473D-8F8C-12FB2740D2E9}.Debug|Any CPU.ActiveCfg = Debug|Any CPU
		{E31D9B1E-BB35-473D-8F8C-12FB2740D2E9}.Debug|Any CPU.Build.0 = Debug|Any CPU
		{E31D9B1E-BB35-473D-8F8C-12FB2740D2E9}.Release|Any CPU.ActiveCfg = Release|Any CPU
		{E31D9B1E-BB35-473D-8F8C-12FB2740D2E9}.Release|Any CPU.Build.0 = Release|Any CPU
		{14B84207-C19A-41B4-930D-028499912193}.Debug|Any CPU.ActiveCfg = Debug|Any CPU
		{14B84207-C19A-41B4-930D-028499912193}.Debug|Any CPU.Build.0 = Debug|Any CPU
		{14B84207-C19A-41B4-930D-028499912193}.Release|Any CPU.ActiveCfg = Release|Any CPU
		{14B84207-C19A-41B4-930D-028499912193}.Release|Any CPU.Build.0 = Release|Any CPU
		{95BF9F7C-5F40-43C3-8191-6034FCCC5CB3}.Debug|Any CPU.ActiveCfg = Debug|Any CPU
		{95BF9F7C-5F40-43C3-8191-6034FCCC5CB3}.Debug|Any CPU.Build.0 = Debug|Any CPU
		{95BF9F7C-5F40-43C3-8191-6034FCCC5CB3}.Release|Any CPU.ActiveCfg = Release|Any CPU
		{95BF9F7C-5F40-43C3-8191-6034FCCC5CB3}.Release|Any CPU.Build.0 = Release|Any CPU
		{4592781A-5B7E-472C-A3A2-4E559C4C9A74}.Debug|Any CPU.ActiveCfg = Debug|Any CPU
		{4592781A-5B7E-472C-A3A2-4E559C4C9A74}.Debug|Any CPU.Build.0 = Debug|Any CPU
		{4592781A-5B7E-472C-A3A2-4E559C4C9A74}.Release|Any CPU.ActiveCfg = Release|Any CPU
		{4592781A-5B7E-472C-A3A2-4E559C4C9A74}.Release|Any CPU.Build.0 = Release|Any CPU
		{F3EC12DF-8A81-4300-8AB9-3FC1B8264031}.Debug|Any CPU.ActiveCfg = Debug|Any CPU
		{F3EC12DF-8A81-4300-8AB9-3FC1B8264031}.Debug|Any CPU.Build.0 = Debug|Any CPU
		{F3EC12DF-8A81-4300-8AB9-3FC1B8264031}.Release|Any CPU.ActiveCfg = Release|Any CPU
		{F3EC12DF-8A81-4300-8AB9-3FC1B8264031}.Release|Any CPU.Build.0 = Release|Any CPU
		{1BC360A1-43FE-4353-AF5D-21B20F446C67}.Debug|Any CPU.ActiveCfg = Debug|Any CPU
		{1BC360A1-43FE-4353-AF5D-21B20F446C67}.Debug|Any CPU.Build.0 = Debug|Any CPU
		{1BC360A1-43FE-4353-AF5D-21B20F446C67}.Release|Any CPU.ActiveCfg = Release|Any CPU
		{1BC360A1-43FE-4353-AF5D-21B20F446C67}.Release|Any CPU.Build.0 = Release|Any CPU
		{011B95DB-673A-4696-B499-940B76735028}.Debug|Any CPU.ActiveCfg = Debug|Any CPU
		{011B95DB-673A-4696-B499-940B76735028}.Debug|Any CPU.Build.0 = Debug|Any CPU
		{011B95DB-673A-4696-B499-940B76735028}.Release|Any CPU.ActiveCfg = Release|Any CPU
		{011B95DB-673A-4696-B499-940B76735028}.Release|Any CPU.Build.0 = Release|Any CPU
	EndGlobalSection
	GlobalSection(SolutionProperties) = preSolution
		HideSolutionNode = FALSE
	EndGlobalSection
	GlobalSection(NestedProjects) = preSolution
		{E687512C-010E-4F55-AC98-3E02BC89D60C} = {2DEBF99A-EBB2-4B55-97BA-A752702CB0AE}
		{1FB1B473-387F-425B-8EAA-421B1869A4BD} = {2DEBF99A-EBB2-4B55-97BA-A752702CB0AE}
		{E1C9E23E-B127-4FCD-8200-E5C75648A27F} = {17CC9A57-CD2D-4293-B39D-38A537897783}
		{F04A21FC-C895-4F4D-A83D-9AEC3B921D25} = {2DEBF99A-EBB2-4B55-97BA-A752702CB0AE}
		{6BB3E3C0-F48F-41B1-94B0-290D866F2E92} = {17CC9A57-CD2D-4293-B39D-38A537897783}
		{E31D9B1E-BB35-473D-8F8C-12FB2740D2E9} = {AC102585-0546-49AA-AE53-7686FCD31528}
		{9521BDCC-076F-42DC-BD06-77BFA0E961E3} = {55D2C741-6B3E-47F8-AE4E-208E8F2DFA76}
		{14B84207-C19A-41B4-930D-028499912193} = {AC102585-0546-49AA-AE53-7686FCD31528}
		{95BF9F7C-5F40-43C3-8191-6034FCCC5CB3} = {17CC9A57-CD2D-4293-B39D-38A537897783}
		{5FE76C7A-830B-45F9-B11F-D338B7D9089B} = {55D2C741-6B3E-47F8-AE4E-208E8F2DFA76}
		{4592781A-5B7E-472C-A3A2-4E559C4C9A74} = {AC102585-0546-49AA-AE53-7686FCD31528}
		{17CC9A57-CD2D-4293-B39D-38A537897783} = {55D2C741-6B3E-47F8-AE4E-208E8F2DFA76}
		{AC102585-0546-49AA-AE53-7686FCD31528} = {55D2C741-6B3E-47F8-AE4E-208E8F2DFA76}
		{F3EC12DF-8A81-4300-8AB9-3FC1B8264031} = {2DEBF99A-EBB2-4B55-97BA-A752702CB0AE}
		{1BC360A1-43FE-4353-AF5D-21B20F446C67} = {2DEBF99A-EBB2-4B55-97BA-A752702CB0AE}
		{011B95DB-673A-4696-B499-940B76735028} = {2DEBF99A-EBB2-4B55-97BA-A752702CB0AE}
		{B9C8BC9B-5993-41B1-A721-A1A8C86A7D67} = {2DEBF99A-EBB2-4B55-97BA-A752702CB0AE}
		{034C0467-AA8D-455C-A514-07D5F68B0ADA} = {2DEBF99A-EBB2-4B55-97BA-A752702CB0AE}
	EndGlobalSection
	GlobalSection(ExtensibilityGlobals) = postSolution
		SolutionGuid = {19B0272D-3305-4C60-8DD9-E15889B2FF54}
	EndGlobalSection
EndGlobal
